// !$*UTF8*$!
{
	archiveVersion = 1;
	classes = {
	};
	objectVersion = 77;
	objects = {

/* Begin PBXContainerItemProxy section */
		6D260E462CC8EBDC002CE981 /* PBXContainerItemProxy */ = {
			isa = PBXContainerItemProxy;
			containerPortal = 6D260E2B2CC8EBDA002CE981 /* Project object */;
			proxyType = 1;
			remoteGlobalIDString = 6D260E322CC8EBDA002CE981;
			remoteInfo = "TM-Trancendental Meditation App";
		};
		6D260E502CC8EBDC002CE981 /* PBXContainerItemProxy */ = {
			isa = PBXContainerItemProxy;
			containerPortal = 6D260E2B2CC8EBDA002CE981 /* Project object */;
			proxyType = 1;
			remoteGlobalIDString = 6D260E322CC8EBDA002CE981;
			remoteInfo = "TM-Trancendental Meditation App";
		};
/* End PBXContainerItemProxy section */

/* Begin PBXFileReference section */
		6D260E332CC8EBDA002CE981 /* TM-Trancendental Meditation App.app */ = {isa = PBXFileReference; explicitFileType = wrapper.application; includeInIndex = 0; path = "TM-Trancendental Meditation App.app"; sourceTree = BUILT_PRODUCTS_DIR; };
		6D260E452CC8EBDC002CE981 /* TM-Trancendental Meditation AppTests.xctest */ = {isa = PBXFileReference; explicitFileType = wrapper.cfbundle; includeInIndex = 0; path = "TM-Trancendental Meditation AppTests.xctest"; sourceTree = BUILT_PRODUCTS_DIR; };
		6D260E4F2CC8EBDC002CE981 /* TM-Trancendental Meditation AppUITests.xctest */ = {isa = PBXFileReference; explicitFileType = wrapper.cfbundle; includeInIndex = 0; path = "TM-Trancendental Meditation AppUITests.xctest"; sourceTree = BUILT_PRODUCTS_DIR; };
/* End PBXFileReference section */

/* Begin PBXFileSystemSynchronizedRootGroup section */
		6D260E352CC8EBDA002CE981 /* TM-Trancendental Meditation App */ = {
			isa = PBXFileSystemSynchronizedRootGroup;
			path = "TM-Trancendental Meditation App";
			sourceTree = "<group>";
		};
		6D260E482CC8EBDC002CE981 /* TM-Trancendental Meditation AppTests */ = {
			isa = PBXFileSystemSynchronizedRootGroup;
			path = "TM-Trancendental Meditation AppTests";
			sourceTree = "<group>";
		};
		6D260E522CC8EBDC002CE981 /* TM-Trancendental Meditation AppUITests */ = {
			isa = PBXFileSystemSynchronizedRootGroup;
			path = "TM-Trancendental Meditation AppUITests";
			sourceTree = "<group>";
		};
/* End PBXFileSystemSynchronizedRootGroup section */

/* Begin PBXFrameworksBuildPhase section */
		6D260E302CC8EBDA002CE981 /* Frameworks */ = {
			isa = PBXFrameworksBuildPhase;
			buildActionMask = 2147483647;
			files = (
			);
			runOnlyForDeploymentPostprocessing = 0;
		};
		6D260E422CC8EBDC002CE981 /* Frameworks */ = {
			isa = PBXFrameworksBuildPhase;
			buildActionMask = 2147483647;
			files = (
			);
			runOnlyForDeploymentPostprocessing = 0;
		};
		6D260E4C2CC8EBDC002CE981 /* Frameworks */ = {
			isa = PBXFrameworksBuildPhase;
			buildActionMask = 2147483647;
			files = (
			);
			runOnlyForDeploymentPostprocessing = 0;
		};
/* End PBXFrameworksBuildPhase section */

/* Begin PBXGroup section */
		6D260E2A2CC8EBDA002CE981 = {
			isa = PBXGroup;
			children = (
				6D260E352CC8EBDA002CE981 /* TM-Trancendental Meditation App */,
				6D260E482CC8EBDC002CE981 /* TM-Trancendental Meditation AppTests */,
				6D260E522CC8EBDC002CE981 /* TM-Trancendental Meditation AppUITests */,
				6D260E342CC8EBDA002CE981 /* Products */,
			);
			sourceTree = "<group>";
		};
		6D260E342CC8EBDA002CE981 /* Products */ = {
			isa = PBXGroup;
			children = (
				6D260E332CC8EBDA002CE981 /* TM-Trancendental Meditation App.app */,
				6D260E452CC8EBDC002CE981 /* TM-Trancendental Meditation AppTests.xctest */,
				6D260E4F2CC8EBDC002CE981 /* TM-Trancendental Meditation AppUITests.xctest */,
			);
			name = Products;
			sourceTree = "<group>";
		};
/* End PBXGroup section */

/* Begin PBXNativeTarget section */
		6D260E322CC8EBDA002CE981 /* TM-Trancendental Meditation App */ = {
			isa = PBXNativeTarget;
			buildConfigurationList = 6D260E592CC8EBDC002CE981 /* Build configuration list for PBXNativeTarget "TM-Trancendental Meditation App" */;
			buildPhases = (
				6D260E2F2CC8EBDA002CE981 /* Sources */,
				6D260E302CC8EBDA002CE981 /* Frameworks */,
				6D260E312CC8EBDA002CE981 /* Resources */,
			);
			buildRules = (
			);
			dependencies = (
			);
			fileSystemSynchronizedGroups = (
				6D260E352CC8EBDA002CE981 /* TM-Trancendental Meditation App */,
			);
			name = "TM-Trancendental Meditation App";
			packageProductDependencies = (
			);
			productName = "TM-Trancendental Meditation App";
			productReference = 6D260E332CC8EBDA002CE981 /* TM-Trancendental Meditation App.app */;
			productType = "com.apple.product-type.application";
		};
		6D260E442CC8EBDC002CE981 /* TM-Trancendental Meditation AppTests */ = {
			isa = PBXNativeTarget;
			buildConfigurationList = 6D260E5C2CC8EBDC002CE981 /* Build configuration list for PBXNativeTarget "TM-Trancendental Meditation AppTests" */;
			buildPhases = (
				6D260E412CC8EBDC002CE981 /* Sources */,
				6D260E422CC8EBDC002CE981 /* Frameworks */,
				6D260E432CC8EBDC002CE981 /* Resources */,
			);
			buildRules = (
			);
			dependencies = (
				6D260E472CC8EBDC002CE981 /* PBXTargetDependency */,
			);
			fileSystemSynchronizedGroups = (
				6D260E482CC8EBDC002CE981 /* TM-Trancendental Meditation AppTests */,
			);
			name = "TM-Trancendental Meditation AppTests";
			packageProductDependencies = (
			);
			productName = "TM-Trancendental Meditation AppTests";
			productReference = 6D260E452CC8EBDC002CE981 /* TM-Trancendental Meditation AppTests.xctest */;
			productType = "com.apple.product-type.bundle.unit-test";
		};
		6D260E4E2CC8EBDC002CE981 /* TM-Trancendental Meditation AppUITests */ = {
			isa = PBXNativeTarget;
			buildConfigurationList = 6D260E5F2CC8EBDC002CE981 /* Build configuration list for PBXNativeTarget "TM-Trancendental Meditation AppUITests" */;
			buildPhases = (
				6D260E4B2CC8EBDC002CE981 /* Sources */,
				6D260E4C2CC8EBDC002CE981 /* Frameworks */,
				6D260E4D2CC8EBDC002CE981 /* Resources */,
			);
			buildRules = (
			);
			dependencies = (
				6D260E512CC8EBDC002CE981 /* PBXTargetDependency */,
			);
			fileSystemSynchronizedGroups = (
				6D260E522CC8EBDC002CE981 /* TM-Trancendental Meditation AppUITests */,
			);
			name = "TM-Trancendental Meditation AppUITests";
			packageProductDependencies = (
			);
			productName = "TM-Trancendental Meditation AppUITests";
			productReference = 6D260E4F2CC8EBDC002CE981 /* TM-Trancendental Meditation AppUITests.xctest */;
			productType = "com.apple.product-type.bundle.ui-testing";
		};
/* End PBXNativeTarget section */

/* Begin PBXProject section */
		6D260E2B2CC8EBDA002CE981 /* Project object */ = {
			isa = PBXProject;
			attributes = {
				BuildIndependentTargetsInParallel = 1;
				LastSwiftUpdateCheck = 1600;
				LastUpgradeCheck = 1600;
				TargetAttributes = {
					6D260E322CC8EBDA002CE981 = {
						CreatedOnToolsVersion = 16.0;
					};
					6D260E442CC8EBDC002CE981 = {
						CreatedOnToolsVersion = 16.0;
						TestTargetID = 6D260E322CC8EBDA002CE981;
					};
					6D260E4E2CC8EBDC002CE981 = {
						CreatedOnToolsVersion = 16.0;
						TestTargetID = 6D260E322CC8EBDA002CE981;
					};
				};
			};
			buildConfigurationList = 6D260E2E2CC8EBDA002CE981 /* Build configuration list for PBXProject "TM-Trancendental Meditation App" */;
			developmentRegion = en;
			hasScannedForEncodings = 0;
			knownRegions = (
				en,
				Base,
			);
			mainGroup = 6D260E2A2CC8EBDA002CE981;
			minimizedProjectReferenceProxies = 1;
			preferredProjectObjectVersion = 77;
			productRefGroup = 6D260E342CC8EBDA002CE981 /* Products */;
			projectDirPath = "";
			projectRoot = "";
			targets = (
				6D260E322CC8EBDA002CE981 /* TM-Trancendental Meditation App */,
				6D260E442CC8EBDC002CE981 /* TM-Trancendental Meditation AppTests */,
				6D260E4E2CC8EBDC002CE981 /* TM-Trancendental Meditation AppUITests */,
			);
		};
/* End PBXProject section */

/* Begin PBXResourcesBuildPhase section */
		6D260E312CC8EBDA002CE981 /* Resources */ = {
			isa = PBXResourcesBuildPhase;
			buildActionMask = 2147483647;
			files = (
			);
			runOnlyForDeploymentPostprocessing = 0;
		};
		6D260E432CC8EBDC002CE981 /* Resources */ = {
			isa = PBXResourcesBuildPhase;
			buildActionMask = 2147483647;
			files = (
			);
			runOnlyForDeploymentPostprocessing = 0;
		};
		6D260E4D2CC8EBDC002CE981 /* Resources */ = {
			isa = PBXResourcesBuildPhase;
			buildActionMask = 2147483647;
			files = (
			);
			runOnlyForDeploymentPostprocessing = 0;
		};
/* End PBXResourcesBuildPhase section */

/* Begin PBXSourcesBuildPhase section */
		6D260E2F2CC8EBDA002CE981 /* Sources */ = {
			isa = PBXSourcesBuildPhase;
			buildActionMask = 2147483647;
			files = (
			);
			runOnlyForDeploymentPostprocessing = 0;
		};
		6D260E412CC8EBDC002CE981 /* Sources */ = {
			isa = PBXSourcesBuildPhase;
			buildActionMask = 2147483647;
			files = (
			);
			runOnlyForDeploymentPostprocessing = 0;
		};
		6D260E4B2CC8EBDC002CE981 /* Sources */ = {
			isa = PBXSourcesBuildPhase;
			buildActionMask = 2147483647;
			files = (
			);
			runOnlyForDeploymentPostprocessing = 0;
		};
/* End PBXSourcesBuildPhase section */

/* Begin PBXTargetDependency section */
		6D260E472CC8EBDC002CE981 /* PBXTargetDependency */ = {
			isa = PBXTargetDependency;
			target = 6D260E322CC8EBDA002CE981 /* TM-Trancendental Meditation App */;
			targetProxy = 6D260E462CC8EBDC002CE981 /* PBXContainerItemProxy */;
		};
		6D260E512CC8EBDC002CE981 /* PBXTargetDependency */ = {
			isa = PBXTargetDependency;
			target = 6D260E322CC8EBDA002CE981 /* TM-Trancendental Meditation App */;
			targetProxy = 6D260E502CC8EBDC002CE981 /* PBXContainerItemProxy */;
		};
/* End PBXTargetDependency section */

/* Begin XCBuildConfiguration section */
		6D260E572CC8EBDC002CE981 /* Debug */ = {
			isa = XCBuildConfiguration;
			buildSettings = {
				ALWAYS_SEARCH_USER_PATHS = NO;
				ASSETCATALOG_COMPILER_GENERATE_SWIFT_ASSET_SYMBOL_EXTENSIONS = YES;
				CLANG_ANALYZER_NONNULL = YES;
				CLANG_ANALYZER_NUMBER_OBJECT_CONVERSION = YES_AGGRESSIVE;
				CLANG_CXX_LANGUAGE_STANDARD = "gnu++20";
				CLANG_ENABLE_MODULES = YES;
				CLANG_ENABLE_OBJC_ARC = YES;
				CLANG_ENABLE_OBJC_WEAK = YES;
				CLANG_WARN_BLOCK_CAPTURE_AUTORELEASING = YES;
				CLANG_WARN_BOOL_CONVERSION = YES;
				CLANG_WARN_COMMA = YES;
				CLANG_WARN_CONSTANT_CONVERSION = YES;
				CLANG_WARN_DEPRECATED_OBJC_IMPLEMENTATIONS = YES;
				CLANG_WARN_DIRECT_OBJC_ISA_USAGE = YES_ERROR;
				CLANG_WARN_DOCUMENTATION_COMMENTS = YES;
				CLANG_WARN_EMPTY_BODY = YES;
				CLANG_WARN_ENUM_CONVERSION = YES;
				CLANG_WARN_INFINITE_RECURSION = YES;
				CLANG_WARN_INT_CONVERSION = YES;
				CLANG_WARN_NON_LITERAL_NULL_CONVERSION = YES;
				CLANG_WARN_OBJC_IMPLICIT_RETAIN_SELF = YES;
				CLANG_WARN_OBJC_LITERAL_CONVERSION = YES;
				CLANG_WARN_OBJC_ROOT_CLASS = YES_ERROR;
				CLANG_WARN_QUOTED_INCLUDE_IN_FRAMEWORK_HEADER = YES;
				CLANG_WARN_RANGE_LOOP_ANALYSIS = YES;
				CLANG_WARN_STRICT_PROTOTYPES = YES;
				CLANG_WARN_SUSPICIOUS_MOVE = YES;
				CLANG_WARN_UNGUARDED_AVAILABILITY = YES_AGGRESSIVE;
				CLANG_WARN_UNREACHABLE_CODE = YES;
				CLANG_WARN__DUPLICATE_METHOD_MATCH = YES;
				COPY_PHASE_STRIP = NO;
				DEBUG_INFORMATION_FORMAT = dwarf;
				ENABLE_STRICT_OBJC_MSGSEND = YES;
				ENABLE_TESTABILITY = YES;
				ENABLE_USER_SCRIPT_SANDBOXING = YES;
				GCC_C_LANGUAGE_STANDARD = gnu17;
				GCC_DYNAMIC_NO_PIC = NO;
				GCC_NO_COMMON_BLOCKS = YES;
				GCC_OPTIMIZATION_LEVEL = 0;
				GCC_PREPROCESSOR_DEFINITIONS = (
					"DEBUG=1",
					"$(inherited)",
				);
				GCC_WARN_64_TO_32_BIT_CONVERSION = YES;
				GCC_WARN_ABOUT_RETURN_TYPE = YES_ERROR;
				GCC_WARN_UNDECLARED_SELECTOR = YES;
				GCC_WARN_UNINITIALIZED_AUTOS = YES_AGGRESSIVE;
				GCC_WARN_UNUSED_FUNCTION = YES;
				GCC_WARN_UNUSED_VARIABLE = YES;
				IPHONEOS_DEPLOYMENT_TARGET = 18.0;
				LOCALIZATION_PREFERS_STRING_CATALOGS = YES;
				MTL_ENABLE_DEBUG_INFO = INCLUDE_SOURCE;
				MTL_FAST_MATH = YES;
				ONLY_ACTIVE_ARCH = YES;
				SDKROOT = iphoneos;
				SWIFT_ACTIVE_COMPILATION_CONDITIONS = "DEBUG $(inherited)";
				SWIFT_OPTIMIZATION_LEVEL = "-Onone";
			};
			name = Debug;
		};
		6D260E582CC8EBDC002CE981 /* Release */ = {
			isa = XCBuildConfiguration;
			buildSettings = {
				ALWAYS_SEARCH_USER_PATHS = NO;
				ASSETCATALOG_COMPILER_GENERATE_SWIFT_ASSET_SYMBOL_EXTENSIONS = YES;
				CLANG_ANALYZER_NONNULL = YES;
				CLANG_ANALYZER_NUMBER_OBJECT_CONVERSION = YES_AGGRESSIVE;
				CLANG_CXX_LANGUAGE_STANDARD = "gnu++20";
				CLANG_ENABLE_MODULES = YES;
				CLANG_ENABLE_OBJC_ARC = YES;
				CLANG_ENABLE_OBJC_WEAK = YES;
				CLANG_WARN_BLOCK_CAPTURE_AUTORELEASING = YES;
				CLANG_WARN_BOOL_CONVERSION = YES;
				CLANG_WARN_COMMA = YES;
				CLANG_WARN_CONSTANT_CONVERSION = YES;
				CLANG_WARN_DEPRECATED_OBJC_IMPLEMENTATIONS = YES;
				CLANG_WARN_DIRECT_OBJC_ISA_USAGE = YES_ERROR;
				CLANG_WARN_DOCUMENTATION_COMMENTS = YES;
				CLANG_WARN_EMPTY_BODY = YES;
				CLANG_WARN_ENUM_CONVERSION = YES;
				CLANG_WARN_INFINITE_RECURSION = YES;
				CLANG_WARN_INT_CONVERSION = YES;
				CLANG_WARN_NON_LITERAL_NULL_CONVERSION = YES;
				CLANG_WARN_OBJC_IMPLICIT_RETAIN_SELF = YES;
				CLANG_WARN_OBJC_LITERAL_CONVERSION = YES;
				CLANG_WARN_OBJC_ROOT_CLASS = YES_ERROR;
				CLANG_WARN_QUOTED_INCLUDE_IN_FRAMEWORK_HEADER = YES;
				CLANG_WARN_RANGE_LOOP_ANALYSIS = YES;
				CLANG_WARN_STRICT_PROTOTYPES = YES;
				CLANG_WARN_SUSPICIOUS_MOVE = YES;
				CLANG_WARN_UNGUARDED_AVAILABILITY = YES_AGGRESSIVE;
				CLANG_WARN_UNREACHABLE_CODE = YES;
				CLANG_WARN__DUPLICATE_METHOD_MATCH = YES;
				COPY_PHASE_STRIP = NO;
				DEBUG_INFORMATION_FORMAT = "dwarf-with-dsym";
				ENABLE_NS_ASSERTIONS = NO;
				ENABLE_STRICT_OBJC_MSGSEND = YES;
				ENABLE_USER_SCRIPT_SANDBOXING = YES;
				GCC_C_LANGUAGE_STANDARD = gnu17;
				GCC_NO_COMMON_BLOCKS = YES;
				GCC_WARN_64_TO_32_BIT_CONVERSION = YES;
				GCC_WARN_ABOUT_RETURN_TYPE = YES_ERROR;
				GCC_WARN_UNDECLARED_SELECTOR = YES;
				GCC_WARN_UNINITIALIZED_AUTOS = YES_AGGRESSIVE;
				GCC_WARN_UNUSED_FUNCTION = YES;
				GCC_WARN_UNUSED_VARIABLE = YES;
				IPHONEOS_DEPLOYMENT_TARGET = 18.0;
				LOCALIZATION_PREFERS_STRING_CATALOGS = YES;
				MTL_ENABLE_DEBUG_INFO = NO;
				MTL_FAST_MATH = YES;
				SDKROOT = iphoneos;
				SWIFT_COMPILATION_MODE = wholemodule;
				VALIDATE_PRODUCT = YES;
			};
			name = Release;
		};
		6D260E5A2CC8EBDC002CE981 /* Debug */ = {
			isa = XCBuildConfiguration;
			buildSettings = {
				ASSETCATALOG_COMPILER_APPICON_NAME = AppIcon;
				ASSETCATALOG_COMPILER_GLOBAL_ACCENT_COLOR_NAME = AccentColor;
				CODE_SIGN_ENTITLEMENTS = "TM-Trancendental Meditation App/TM-Trancendental Meditation App.entitlements";
				CODE_SIGN_STYLE = Automatic;
				CURRENT_PROJECT_VERSION = 1;
				DEVELOPMENT_ASSET_PATHS = "\"TM-Trancendental Meditation App/Preview Content\"";
				DEVELOPMENT_TEAM = D52VX5574L;
				ENABLE_PREVIEWS = YES;
				GENERATE_INFOPLIST_FILE = YES;
				INFOPLIST_FILE = "TM-Trancendental-Meditation-App-Info.plist";
				INFOPLIST_KEY_CFBundleDisplayName = TM;
				INFOPLIST_KEY_LSApplicationCategoryType = "public.app-category.healthcare-fitness";
				INFOPLIST_KEY_NSHealthShareUsageDescription = "The App needs to use heart rate data";
				INFOPLIST_KEY_NSHealthUpdateUsageDescription = "The App needs to display heart rate and other health related data";
				INFOPLIST_KEY_UIApplicationSceneManifest_Generation = YES;
				INFOPLIST_KEY_UIApplicationSupportsIndirectInputEvents = YES;
				INFOPLIST_KEY_UILaunchScreen_Generation = YES;
				INFOPLIST_KEY_UISupportedInterfaceOrientations = UIInterfaceOrientationPortrait;
				INFOPLIST_KEY_UISupportedInterfaceOrientations_iPad = "UIInterfaceOrientationLandscapeLeft UIInterfaceOrientationLandscapeRight UIInterfaceOrientationPortrait UIInterfaceOrientationPortraitUpsideDown";
				IPHONEOS_DEPLOYMENT_TARGET = 17.6;
				LD_RUNPATH_SEARCH_PATHS = (
					"$(inherited)",
					"@executable_path/Frameworks",
				);
				MARKETING_VERSION = 1.0;
				PRODUCT_BUNDLE_IDENTIFIER = "com.tazeey.TM-Trancendental-Meditation-App";
				PRODUCT_NAME = "$(TARGET_NAME)";
				SUPPORTED_PLATFORMS = "iphoneos iphonesimulator";
				SUPPORTS_MACCATALYST = NO;
				SUPPORTS_MAC_DESIGNED_FOR_IPHONE_IPAD = NO;
				SUPPORTS_XR_DESIGNED_FOR_IPHONE_IPAD = NO;
				SWIFT_EMIT_LOC_STRINGS = YES;
				SWIFT_VERSION = 5.0;
				TARGETED_DEVICE_FAMILY = 1;
			};
			name = Debug;
		};
		6D260E5B2CC8EBDC002CE981 /* Release */ = {
			isa = XCBuildConfiguration;
			buildSettings = {
				ASSETCATALOG_COMPILER_APPICON_NAME = AppIcon;
				ASSETCATALOG_COMPILER_GLOBAL_ACCENT_COLOR_NAME = AccentColor;
				CODE_SIGN_ENTITLEMENTS = "TM-Trancendental Meditation App/TM-Trancendental Meditation App.entitlements";
				CODE_SIGN_STYLE = Automatic;
				CURRENT_PROJECT_VERSION = 1;
				DEVELOPMENT_ASSET_PATHS = "\"TM-Trancendental Meditation App/Preview Content\"";
				DEVELOPMENT_TEAM = D52VX5574L;
				ENABLE_PREVIEWS = YES;
				GENERATE_INFOPLIST_FILE = YES;
				INFOPLIST_FILE = "TM-Trancendental-Meditation-App-Info.plist";
				INFOPLIST_KEY_CFBundleDisplayName = TM;
				INFOPLIST_KEY_LSApplicationCategoryType = "public.app-category.healthcare-fitness";
				INFOPLIST_KEY_NSHealthShareUsageDescription = "The App needs to use heart rate data";
				INFOPLIST_KEY_NSHealthUpdateUsageDescription = "The App needs to display heart rate and other health related data";
				INFOPLIST_KEY_UIApplicationSceneManifest_Generation = YES;
				INFOPLIST_KEY_UIApplicationSupportsIndirectInputEvents = YES;
				INFOPLIST_KEY_UILaunchScreen_Generation = YES;
				INFOPLIST_KEY_UISupportedInterfaceOrientations = UIInterfaceOrientationPortrait;
				INFOPLIST_KEY_UISupportedInterfaceOrientations_iPad = "UIInterfaceOrientationLandscapeLeft UIInterfaceOrientationLandscapeRight UIInterfaceOrientationPortrait UIInterfaceOrientationPortraitUpsideDown";
				IPHONEOS_DEPLOYMENT_TARGET = 17.6;
				LD_RUNPATH_SEARCH_PATHS = (
					"$(inherited)",
					"@executable_path/Frameworks",
				);
				MARKETING_VERSION = 1.0;
				PRODUCT_BUNDLE_IDENTIFIER = "com.tazeey.TM-Trancendental-Meditation-App";
				PRODUCT_NAME = "$(TARGET_NAME)";
				SUPPORTED_PLATFORMS = "iphoneos iphonesimulator";
				SUPPORTS_MACCATALYST = NO;
				SUPPORTS_MAC_DESIGNED_FOR_IPHONE_IPAD = NO;
				SUPPORTS_XR_DESIGNED_FOR_IPHONE_IPAD = NO;
				SWIFT_EMIT_LOC_STRINGS = YES;
				SWIFT_VERSION = 5.0;
				TARGETED_DEVICE_FAMILY = 1;
			};
			name = Release;
		};
		6D260E5D2CC8EBDC002CE981 /* Debug */ = {
			isa = XCBuildConfiguration;
			buildSettings = {
				BUNDLE_LOADER = "$(TEST_HOST)";
				CODE_SIGN_STYLE = Automatic;
				CURRENT_PROJECT_VERSION = 1;
				DEVELOPMENT_TEAM = D52VX5574L;
				GENERATE_INFOPLIST_FILE = YES;
				IPHONEOS_DEPLOYMENT_TARGET = 18.0;
				MARKETING_VERSION = 1.0;
				PRODUCT_BUNDLE_IDENTIFIER = "com.tazeey.TM-Trancendental-Meditation-AppTests";
				PRODUCT_NAME = "$(TARGET_NAME)";
				SWIFT_EMIT_LOC_STRINGS = NO;
				SWIFT_VERSION = 5.0;
				TARGETED_DEVICE_FAMILY = "1,2";
				TEST_HOST = "$(BUILT_PRODUCTS_DIR)/TM-Trancendental Meditation App.app/$(BUNDLE_EXECUTABLE_FOLDER_PATH)/TM-Trancendental Meditation App";
			};
			name = Debug;
		};
		6D260E5E2CC8EBDC002CE981 /* Release */ = {
			isa = XCBuildConfiguration;
			buildSettings = {
				BUNDLE_LOADER = "$(TEST_HOST)";
				CODE_SIGN_STYLE = Automatic;
				CURRENT_PROJECT_VERSION = 1;
				DEVELOPMENT_TEAM = D52VX5574L;
				GENERATE_INFOPLIST_FILE = YES;
				IPHONEOS_DEPLOYMENT_TARGET = 18.0;
				MARKETING_VERSION = 1.0;
				PRODUCT_BUNDLE_IDENTIFIER = "com.tazeey.TM-Trancendental-Meditation-AppTests";
				PRODUCT_NAME = "$(TARGET_NAME)";
				SWIFT_EMIT_LOC_STRINGS = NO;
				SWIFT_VERSION = 5.0;
				TARGETED_DEVICE_FAMILY = "1,2";
				TEST_HOST = "$(BUILT_PRODUCTS_DIR)/TM-Trancendental Meditation App.app/$(BUNDLE_EXECUTABLE_FOLDER_PATH)/TM-Trancendental Meditation App";
			};
			name = Release;
		};
		6D260E602CC8EBDC002CE981 /* Debug */ = {
			isa = XCBuildConfiguration;
			buildSettings = {
				CODE_SIGN_STYLE = Automatic;
				CURRENT_PROJECT_VERSION = 1;
				DEVELOPMENT_TEAM = D52VX5574L;
				GENERATE_INFOPLIST_FILE = YES;
				MARKETING_VERSION = 1.0;
				PRODUCT_BUNDLE_IDENTIFIER = "com.tazeey.TM-Trancendental-Meditation-AppUITests";
				PRODUCT_NAME = "$(TARGET_NAME)";
				SWIFT_EMIT_LOC_STRINGS = NO;
				SWIFT_VERSION = 5.0;
				TARGETED_DEVICE_FAMILY = "1,2";
				TEST_TARGET_NAME = "TM-Trancendental Meditation App";
			};
			name = Debug;
		};
		6D260E612CC8EBDC002CE981 /* Release */ = {
			isa = XCBuildConfiguration;
			buildSettings = {
				CODE_SIGN_STYLE = Automatic;
				CURRENT_PROJECT_VERSION = 1;
				DEVELOPMENT_TEAM = D52VX5574L;
				GENERATE_INFOPLIST_FILE = YES;
				MARKETING_VERSION = 1.0;
				PRODUCT_BUNDLE_IDENTIFIER = "com.tazeey.TM-Trancendental-Meditation-AppUITests";
				PRODUCT_NAME = "$(TARGET_NAME)";
				SWIFT_EMIT_LOC_STRINGS = NO;
				SWIFT_VERSION = 5.0;
				TARGETED_DEVICE_FAMILY = "1,2";
				TEST_TARGET_NAME = "TM-Trancendental Meditation App";
			};
			name = Release;
		};
/* End XCBuildConfiguration section */

/* Begin XCConfigurationList section */
		6D260E2E2CC8EBDA002CE981 /* Build configuration list for PBXProject "TM-Trancendental Meditation App" */ = {
			isa = XCConfigurationList;
			buildConfigurations = (
				6D260E572CC8EBDC002CE981 /* Debug */,
				6D260E582CC8EBDC002CE981 /* Release */,
			);
			defaultConfigurationIsVisible = 0;
			defaultConfigurationName = Release;
		};
		6D260E592CC8EBDC002CE981 /* Build configuration list for PBXNativeTarget "TM-Trancendental Meditation App" */ = {
			isa = XCConfigurationList;
			buildConfigurations = (
				6D260E5A2CC8EBDC002CE981 /* Debug */,
				6D260E5B2CC8EBDC002CE981 /* Release */,
			);
			defaultConfigurationIsVisible = 0;
			defaultConfigurationName = Release;
		};
		6D260E5C2CC8EBDC002CE981 /* Build configuration list for PBXNativeTarget "TM-Trancendental Meditation AppTests" */ = {
			isa = XCConfigurationList;
			buildConfigurations = (
				6D260E5D2CC8EBDC002CE981 /* Debug */,
				6D260E5E2CC8EBDC002CE981 /* Release */,
			);
			defaultConfigurationIsVisible = 0;
			defaultConfigurationName = Release;
		};
		6D260E5F2CC8EBDC002CE981 /* Build configuration list for PBXNativeTarget "TM-Trancendental Meditation AppUITests" */ = {
			isa = XCConfigurationList;
			buildConfigurations = (
				6D260E602CC8EBDC002CE981 /* Debug */,
				6D260E612CC8EBDC002CE981 /* Release */,
			);
			defaultConfigurationIsVisible = 0;
			defaultConfigurationName = Release;
		};
/* End XCConfigurationList section */
	};
	rootObject = 6D260E2B2CC8EBDA002CE981 /* Project object */;
}
